// !$*UTF8*$!
{
	archiveVersion = 1;
	classes = {
	};
	objectVersion = 46;
	objects = {

/* Begin PBXBuildFile section */
		CDF0ADDB1A7281380060B6C6 /* main.m in Sources */ = {isa = PBXBuildFile; fileRef = CDF0ADDA1A7281380060B6C6 /* main.m */; };
		CDF0ADDE1A7281380060B6C6 /* AppDelegate.m in Sources */ = {isa = PBXBuildFile; fileRef = CDF0ADDD1A7281380060B6C6 /* AppDelegate.m */; };
		CDF0ADE11A7281380060B6C6 /* ViewController.m in Sources */ = {isa = PBXBuildFile; fileRef = CDF0ADE01A7281380060B6C6 /* ViewController.m */; };
		CDF0ADE41A7281380060B6C6 /* Main.storyboard in Resources */ = {isa = PBXBuildFile; fileRef = CDF0ADE21A7281380060B6C6 /* Main.storyboard */; };
		CDF0ADE61A7281380060B6C6 /* Images.xcassets in Resources */ = {isa = PBXBuildFile; fileRef = CDF0ADE51A7281380060B6C6 /* Images.xcassets */; };
		CDF0ADE91A7281380060B6C6 /* LaunchScreen.xib in Resources */ = {isa = PBXBuildFile; fileRef = CDF0ADE71A7281380060B6C6 /* LaunchScreen.xib */; };
		CDF0ADF51A7281380060B6C6 /* OverdueAssignmentTests.m in Sources */ = {isa = PBXBuildFile; fileRef = CDF0ADF41A7281380060B6C6 /* OverdueAssignmentTests.m */; };
/* End PBXBuildFile section */

/* Begin PBXContainerItemProxy section */
		CDF0ADEF1A7281380060B6C6 /* PBXContainerItemProxy */ = {
			isa = PBXContainerItemProxy;
			containerPortal = CDF0ADCD1A7281380060B6C6 /* Project object */;
			proxyType = 1;
			remoteGlobalIDString = CDF0ADD41A7281380060B6C6;
			remoteInfo = OverdueAssignment;
		};
/* End PBXContainerItemProxy section */

/* Begin PBXFileReference section */
		CDF0ADD51A7281380060B6C6 /* OverdueAssignment.app */ = {isa = PBXFileReference; explicitFileType = wrapper.application; includeInIndex = 0; path = OverdueAssignment.app; sourceTree = BUILT_PRODUCTS_DIR; };
		CDF0ADD91A7281380060B6C6 /* Info.plist */ = {isa = PBXFileReference; lastKnownFileType = text.plist.xml; path = Info.plist; sourceTree = "<group>"; };
		CDF0ADDA1A7281380060B6C6 /* main.m */ = {isa = PBXFileReference; lastKnownFileType = sourcecode.c.objc; path = main.m; sourceTree = "<group>"; };
		CDF0ADDC1A7281380060B6C6 /* AppDelegate.h */ = {isa = PBXFileReference; lastKnownFileType = sourcecode.c.h; path = AppDelegate.h; sourceTree = "<group>"; };
		CDF0ADDD1A7281380060B6C6 /* AppDelegate.m */ = {isa = PBXFileReference; lastKnownFileType = sourcecode.c.objc; path = AppDelegate.m; sourceTree = "<group>"; };
		CDF0ADDF1A7281380060B6C6 /* ViewController.h */ = {isa = PBXFileReference; lastKnownFileType = sourcecode.c.h; path = ViewController.h; sourceTree = "<group>"; };
		CDF0ADE01A7281380060B6C6 /* ViewController.m */ = {isa = PBXFileReference; lastKnownFileType = sourcecode.c.objc; path = ViewController.m; sourceTree = "<group>"; };
		CDF0ADE31A7281380060B6C6 /* Base */ = {isa = PBXFileReference; lastKnownFileType = file.storyboard; name = Base; path = Base.lproj/Main.storyboard; sourceTree = "<group>"; };
		CDF0ADE51A7281380060B6C6 /* Images.xcassets */ = {isa = PBXFileReference; lastKnownFileType = folder.assetcatalog; path = Images.xcassets; sourceTree = "<group>"; };
		CDF0ADE81A7281380060B6C6 /* Base */ = {isa = PBXFileReference; lastKnownFileType = file.xib; name = Base; path = Base.lproj/LaunchScreen.xib; sourceTree = "<group>"; };
		CDF0ADEE1A7281380060B6C6 /* OverdueAssignmentTests.xctest */ = {isa = PBXFileReference; explicitFileType = wrapper.cfbundle; includeInIndex = 0; path = OverdueAssignmentTests.xctest; sourceTree = BUILT_PRODUCTS_DIR; };
		CDF0ADF31A7281380060B6C6 /* Info.plist */ = {isa = PBXFileReference; lastKnownFileType = text.plist.xml; path = Info.plist; sourceTree = "<group>"; };
		CDF0ADF41A7281380060B6C6 /* OverdueAssignmentTests.m */ = {isa = PBXFileReference; lastKnownFileType = sourcecode.c.objc; path = OverdueAssignmentTests.m; sourceTree = "<group>"; };
/* End PBXFileReference section */

/* Begin PBXFrameworksBuildPhase section */
		CDF0ADD21A7281380060B6C6 /* Frameworks */ = {
			isa = PBXFrameworksBuildPhase;
			buildActionMask = 2147483647;
			files = (
			);
			runOnlyForDeploymentPostprocessing = 0;
		};
		CDF0ADEB1A7281380060B6C6 /* Frameworks */ = {
			isa = PBXFrameworksBuildPhase;
			buildActionMask = 2147483647;
			files = (
			);
			runOnlyForDeploymentPostprocessing = 0;
		};
/* End PBXFrameworksBuildPhase section */

/* Begin PBXGroup section */
		CDF0ADCC1A7281380060B6C6 = {
			isa = PBXGroup;
			children = (
				CDF0ADD71A7281380060B6C6 /* OverdueAssignment */,
				CDF0ADF11A7281380060B6C6 /* OverdueAssignmentTests */,
				CDF0ADD61A7281380060B6C6 /* Products */,
			);
			sourceTree = "<group>";
		};
		CDF0ADD61A7281380060B6C6 /* Products */ = {
			isa = PBXGroup;
			children = (
				CDF0ADD51A7281380060B6C6 /* OverdueAssignment.app */,
				CDF0ADEE1A7281380060B6C6 /* OverdueAssignmentTests.xctest */,
			);
			name = Products;
			sourceTree = "<group>";
		};
		CDF0ADD71A7281380060B6C6 /* OverdueAssignment */ = {
			isa = PBXGroup;
			children = (
				CDF0ADDC1A7281380060B6C6 /* AppDelegate.h */,
				CDF0ADDD1A7281380060B6C6 /* AppDelegate.m */,
				CDF0ADDF1A7281380060B6C6 /* ViewController.h */,
				CDF0ADE01A7281380060B6C6 /* ViewController.m */,
				CDF0ADE21A7281380060B6C6 /* Main.storyboard */,
				CDF0ADE51A7281380060B6C6 /* Images.xcassets */,
				CDF0ADE71A7281380060B6C6 /* LaunchScreen.xib */,
				CDF0ADD81A7281380060B6C6 /* Supporting Files */,
			);
			path = OverdueAssignment;
			sourceTree = "<group>";
		};
		CDF0ADD81A7281380060B6C6 /* Supporting Files */ = {
			isa = PBXGroup;
			children = (
				CDF0ADD91A7281380060B6C6 /* Info.plist */,
				CDF0ADDA1A7281380060B6C6 /* main.m */,
			);
			name = "Supporting Files";
			sourceTree = "<group>";
		};
		CDF0ADF11A7281380060B6C6 /* OverdueAssignmentTests */ = {
			isa = PBXGroup;
			children = (
				CDF0ADF41A7281380060B6C6 /* OverdueAssignmentTests.m */,
				CDF0ADF21A7281380060B6C6 /* Supporting Files */,
			);
			path = OverdueAssignmentTests;
			sourceTree = "<group>";
		};
		CDF0ADF21A7281380060B6C6 /* Supporting Files */ = {
			isa = PBXGroup;
			children = (
				CDF0ADF31A7281380060B6C6 /* Info.plist */,
			);
			name = "Supporting Files";
			sourceTree = "<group>";
		};
/* End PBXGroup section */

/* Begin PBXNativeTarget section */
		CDF0ADD41A7281380060B6C6 /* OverdueAssignment */ = {
			isa = PBXNativeTarget;
			buildConfigurationList = CDF0ADF81A7281380060B6C6 /* Build configuration list for PBXNativeTarget "OverdueAssignment" */;
			buildPhases = (
				CDF0ADD11A7281380060B6C6 /* Sources */,
				CDF0ADD21A7281380060B6C6 /* Frameworks */,
				CDF0ADD31A7281380060B6C6 /* Resources */,
			);
			buildRules = (
			);
			dependencies = (
			);
			name = OverdueAssignment;
			productName = OverdueAssignment;
			productReference = CDF0ADD51A7281380060B6C6 /* OverdueAssignment.app */;
			productType = "com.apple.product-type.application";
		};
		CDF0ADED1A7281380060B6C6 /* OverdueAssignmentTests */ = {
			isa = PBXNativeTarget;
			buildConfigurationList = CDF0ADFB1A7281380060B6C6 /* Build configuration list for PBXNativeTarget "OverdueAssignmentTests" */;
			buildPhases = (
				CDF0ADEA1A7281380060B6C6 /* Sources */,
				CDF0ADEB1A7281380060B6C6 /* Frameworks */,
				CDF0ADEC1A7281380060B6C6 /* Resources */,
			);
			buildRules = (
			);
			dependencies = (
				CDF0ADF01A7281380060B6C6 /* PBXTargetDependency */,
			);
			name = OverdueAssignmentTests;
			productName = OverdueAssignmentTests;
			productReference = CDF0ADEE1A7281380060B6C6 /* OverdueAssignmentTests.xctest */;
			productType = "com.apple.product-type.bundle.unit-test";
		};
/* End PBXNativeTarget section */

/* Begin PBXProject section */
		CDF0ADCD1A7281380060B6C6 /* Project object */ = {
			isa = PBXProject;
			attributes = {
				LastUpgradeCheck = 0610;
				ORGANIZATIONNAME = delmarz;
				TargetAttributes = {
					CDF0ADD41A7281380060B6C6 = {
						CreatedOnToolsVersion = 6.1.1;
					};
					CDF0ADED1A7281380060B6C6 = {
						CreatedOnToolsVersion = 6.1.1;
						TestTargetID = CDF0ADD41A7281380060B6C6;
					};
				};
			};
			buildConfigurationList = CDF0ADD01A7281380060B6C6 /* Build configuration list for PBXProject "OverdueAssignment" */;
			compatibilityVersion = "Xcode 3.2";
			developmentRegion = English;
			hasScannedForEncodings = 0;
			knownRegions = (
				en,
				Base,
			);
			mainGroup = CDF0ADCC1A7281380060B6C6;
			productRefGroup = CDF0ADD61A7281380060B6C6 /* Products */;
			projectDirPath = "";
			projectRoot = "";
			targets = (
				CDF0ADD41A7281380060B6C6 /* OverdueAssignment */,
				CDF0ADED1A7281380060B6C6 /* OverdueAssignmentTests */,
			);
		};
/* End PBXProject section */

/* Begin PBXResourcesBuildPhase section */
		CDF0ADD31A7281380060B6C6 /* Resources */ = {
			isa = PBXResourcesBuildPhase;
			buildActionMask = 2147483647;
			files = (
				CDF0ADE41A7281380060B6C6 /* Main.storyboard in Resources */,
				CDF0ADE91A7281380060B6C6 /* LaunchScreen.xib in Resources */,
				CDF0ADE61A7281380060B6C6 /* Images.xcassets in Resources */,
			);
			runOnlyForDeploymentPostprocessing = 0;
		};
		CDF0ADEC1A7281380060B6C6 /* Resources */ = {
			isa = PBXResourcesBuildPhase;
			buildActionMask = 2147483647;
			files = (
			);
			runOnlyForDeploymentPostprocessing = 0;
		};
/* End PBXResourcesBuildPhase section */

/* Begin PBXSourcesBuildPhase section */
		CDF0ADD11A7281380060B6C6 /* Sources */ = {
			isa = PBXSourcesBuildPhase;
			buildActionMask = 2147483647;
			files = (
				CDF0ADE11A7281380060B6C6 /* ViewController.m in Sources */,
				CDF0ADDE1A7281380060B6C6 /* AppDelegate.m in Sources */,
				CDF0ADDB1A7281380060B6C6 /* main.m in Sources */,
			);
			runOnlyForDeploymentPostprocessing = 0;
		};
		CDF0ADEA1A7281380060B6C6 /* Sources */ = {
			isa = PBXSourcesBuildPhase;
			buildActionMask = 2147483647;
			files = (
				CDF0ADF51A7281380060B6C6 /* OverdueAssignmentTests.m in Sources */,
			);
			runOnlyForDeploymentPostprocessing = 0;
		};
/* End PBXSourcesBuildPhase section */

/* Begin PBXTargetDependency section */
		CDF0ADF01A7281380060B6C6 /* PBXTargetDependency */ = {
			isa = PBXTargetDependency;
			target = CDF0ADD41A7281380060B6C6 /* OverdueAssignment */;
			targetProxy = CDF0ADEF1A7281380060B6C6 /* PBXContainerItemProxy */;
		};
/* End PBXTargetDependency section */

/* Begin PBXVariantGroup section */
		CDF0ADE21A7281380060B6C6 /* Main.storyboard */ = {
			isa = PBXVariantGroup;
			children = (
				CDF0ADE31A7281380060B6C6 /* Base */,
			);
			name = Main.storyboard;
			sourceTree = "<group>";
		};
		CDF0ADE71A7281380060B6C6 /* LaunchScreen.xib */ = {
			isa = PBXVariantGroup;
			children = (
				CDF0ADE81A7281380060B6C6 /* Base */,
			);
			name = LaunchScreen.xib;
			sourceTree = "<group>";
		};
/* End PBXVariantGroup section */

/* Begin XCBuildConfiguration section */
		CDF0ADF61A7281380060B6C6 /* Debug */ = {
			isa = XCBuildConfiguration;
			buildSettings = {
				ALWAYS_SEARCH_USER_PATHS = NO;
				CLANG_CXX_LANGUAGE_STANDARD = "gnu++0x";
				CLANG_CXX_LIBRARY = "libc++";
				CLANG_ENABLE_MODULES = YES;
				CLANG_ENABLE_OBJC_ARC = YES;
				CLANG_WARN_BOOL_CONVERSION = YES;
				CLANG_WARN_CONSTANT_CONVERSION = YES;
				CLANG_WARN_DIRECT_OBJC_ISA_USAGE = YES_ERROR;
				CLANG_WARN_EMPTY_BODY = YES;
				CLANG_WARN_ENUM_CONVERSION = YES;
				CLANG_WARN_INT_CONVERSION = YES;
				CLANG_WARN_OBJC_ROOT_CLASS = YES_ERROR;
				CLANG_WARN_UNREACHABLE_CODE = YES;
				CLANG_WARN__DUPLICATE_METHOD_MATCH = YES;
				"CODE_SIGN_IDENTITY[sdk=iphoneos*]" = "iPhone Developer";
				COPY_PHASE_STRIP = NO;
				ENABLE_STRICT_OBJC_MSGSEND = YES;
				GCC_C_LANGUAGE_STANDARD = gnu99;
				GCC_DYNAMIC_NO_PIC = NO;
				GCC_OPTIMIZATION_LEVEL = 0;
				GCC_PREPROCESSOR_DEFINITIONS = (
					"DEBUG=1",
					"$(inherited)",
				);
				GCC_SYMBOLS_PRIVATE_EXTERN = NO;
				GCC_WARN_64_TO_32_BIT_CONVERSION = YES;
				GCC_WARN_ABOUT_RETURN_TYPE = YES_ERROR;
				GCC_WARN_UNDECLARED_SELECTOR = YES;
				GCC_WARN_UNINITIALIZED_AUTOS = YES_AGGRESSIVE;
				GCC_WARN_UNUSED_FUNCTION = YES;
				GCC_WARN_UNUSED_VARIABLE = YES;
				IPHONEOS_DEPLOYMENT_TARGET = 8.1;
				MTL_ENABLE_DEBUG_INFO = YES;
				ONLY_ACTIVE_ARCH = YES;
				SDKROOT = iphoneos;
				TARGETED_DEVICE_FAMILY = "1,2";
			};
			name = Debug;
		};
		CDF0ADF71A7281380060B6C6 /* Release */ = {
			isa = XCBuildConfiguration;
			buildSettings = {
				ALWAYS_SEARCH_USER_PATHS = NO;
				CLANG_CXX_LANGUAGE_STANDARD = "gnu++0x";
				CLANG_CXX_LIBRARY = "libc++";
				CLANG_ENABLE_MODULES = YES;
				CLANG_ENABLE_OBJC_ARC = YES;
				CLANG_WARN_BOOL_CONVERSION = YES;
				CLANG_WARN_CONSTANT_CONVERSION = YES;
				CLANG_WARN_DIRECT_OBJC_ISA_USAGE = YES_ERROR;
				CLANG_WARN_EMPTY_BODY = YES;
				CLANG_WARN_ENUM_CONVERSION = YES;
				CLANG_WARN_INT_CONVERSION = YES;
				CLANG_WARN_OBJC_ROOT_CLASS = YES_ERROR;
				CLANG_WARN_UNREACHABLE_CODE = YES;
				CLANG_WARN__DUPLICATE_METHOD_MATCH = YES;
				"CODE_SIGN_IDENTITY[sdk=iphoneos*]" = "iPhone Developer";
				COPY_PHASE_STRIP = YES;
				ENABLE_NS_ASSERTIONS = NO;
				ENABLE_STRICT_OBJC_MSGSEND = YES;
				GCC_C_LANGUAGE_STANDARD = gnu99;
				GCC_WARN_64_TO_32_BIT_CONVERSION = YES;
				GCC_WARN_ABOUT_RETURN_TYPE = YES_ERROR;
				GCC_WARN_UNDECLARED_SELECTOR = YES;
				GCC_WARN_UNINITIALIZED_AUTOS = YES_AGGRESSIVE;
				GCC_WARN_UNUSED_FUNCTION = YES;
				GCC_WARN_UNUSED_VARIABLE = YES;
				IPHONEOS_DEPLOYMENT_TARGET = 8.1;
				MTL_ENABLE_DEBUG_INFO = NO;
				SDKROOT = iphoneos;
				TARGETED_DEVICE_FAMILY = "1,2";
				VALIDATE_PRODUCT = YES;
			};
			name = Release;
		};
		CDF0ADF91A7281380060B6C6 /* Debug */ = {
			isa = XCBuildConfiguration;
			buildSettings = {
				ASSETCATALOG_COMPILER_APPICON_NAME = AppIcon;
				INFOPLIST_FILE = OverdueAssignment/Info.plist;
				LD_RUNPATH_SEARCH_PATHS = "$(inherited) @executable_path/Frameworks";
				PRODUCT_NAME = "$(TARGET_NAME)";
			};
			name = Debug;
		};
		CDF0ADFA1A7281380060B6C6 /* Release */ = {
			isa = XCBuildConfiguration;
			buildSettings = {
				ASSETCATALOG_COMPILER_APPICON_NAME = AppIcon;
				INFOPLIST_FILE = OverdueAssignment/Info.plist;
				LD_RUNPATH_SEARCH_PATHS = "$(inherited) @executable_path/Frameworks";
				PRODUCT_NAME = "$(TARGET_NAME)";
			};
			name = Release;
		};
		CDF0ADFC1A7281380060B6C6 /* Debug */ = {
			isa = XCBuildConfiguration;
			buildSettings = {
				BUNDLE_LOADER = "$(TEST_HOST)";
				FRAMEWORK_SEARCH_PATHS = (
					"$(SDKROOT)/Developer/Library/Frameworks",
					"$(inherited)",
				);
				GCC_PREPROCESSOR_DEFINITIONS = (
					"DEBUG=1",
					"$(inherited)",
				);
				INFOPLIST_FILE = OverdueAssignmentTests/Info.plist;
				LD_RUNPATH_SEARCH_PATHS = "$(inherited) @executable_path/Frameworks @loader_path/Frameworks";
				PRODUCT_NAME = "$(TARGET_NAME)";
				TEST_HOST = "$(BUILT_PRODUCTS_DIR)/OverdueAssignment.app/OverdueAssignment";
			};
			name = Debug;
		};
		CDF0ADFD1A7281380060B6C6 /* Release */ = {
			isa = XCBuildConfiguration;
			buildSettings = {
				BUNDLE_LOADER = "$(TEST_HOST)";
				FRAMEWORK_SEARCH_PATHS = (
					"$(SDKROOT)/Developer/Library/Frameworks",
					"$(inherited)",
				);
				INFOPLIST_FILE = OverdueAssignmentTests/Info.plist;
				LD_RUNPATH_SEARCH_PATHS = "$(inherited) @executable_path/Frameworks @loader_path/Frameworks";
				PRODUCT_NAME = "$(TARGET_NAME)";
				TEST_HOST = "$(BUILT_PRODUCTS_DIR)/OverdueAssignment.app/OverdueAssignment";
			};
			name = Release;
		};
/* End XCBuildConfiguration section */

/* Begin XCConfigurationList section */
		CDF0ADD01A7281380060B6C6 /* Build configuration list for PBXProject "OverdueAssignment" */ = {
			isa = XCConfigurationList;
			buildConfigurations = (
				CDF0ADF61A7281380060B6C6 /* Debug */,
				CDF0ADF71A7281380060B6C6 /* Release */,
			);
			defaultConfigurationIsVisible = 0;
			defaultConfigurationName = Release;
		};
		CDF0ADF81A7281380060B6C6 /* Build configuration list for PBXNativeTarget "OverdueAssignment" */ = {
			isa = XCConfigurationList;
			buildConfigurations = (
				CDF0ADF91A7281380060B6C6 /* Debug */,
				CDF0ADFA1A7281380060B6C6 /* Release */,
			);
			defaultConfigurationIsVisible = 0;
		};
		CDF0ADFB1A7281380060B6C6 /* Build configuration list for PBXNativeTarget "OverdueAssignmentTests" */ = {
			isa = XCConfigurationList;
			buildConfigurations = (
				CDF0ADFC1A7281380060B6C6 /* Debug */,
				CDF0ADFD1A7281380060B6C6 /* Release */,
			);
			defaultConfigurationIsVisible = 0;
		};
/* End XCConfigurationList section */
	};
	rootObject = CDF0ADCD1A7281380060B6C6 /* Project object */;
}
